# This file is automatically @generated by Cargo.
# It is not intended for manual editing.
version = 4

[[package]]
name = "MagicStateMachines"
version = "0.1.0"
dependencies = [
 "dynzst",
 "paste",
 "rnd",
]

[[package]]
name = "dynzst"
version = "0.1.0"
source = "git+https://github.com/sirati/DynZSTBox.rs?rev=0d982f22e063f43000b99fc6f98d0819d5441044#0d982f22e063f43000b99fc6f98d0819d5441044"

[[package]]
name = "paste"
version = "1.0.15"
source = "registry+https://github.com/rust-lang/crates.io-index"
checksum = "57c0d7b74b563b49d38dae00a0c37d4d6de9b432382b2892f0574ddcae73fd0a"

[[package]]
name = "rnd"
version = "0.1.1"
source = "registry+https://github.com/rust-lang/crates.io-index"
checksum = "68e419b1e585e7097f4644ae87c2b76817c120c6a68a92385b2a198948d5bd5b"

[[package]]
name = "test_def"
version = "0.1.0"
dependencies = [
 "MagicStateMachines",
]

[[package]]
name = "test_use"
version = "0.1.0"
dependencies = [
 "MagicStateMachines",
 "test_def",
]
